
Microsoft Visual Studio Solution File, Format Version 12.00
Project("{FAE04EC0-301F-11D3-BF4B-00C04F79EFBC}") = "test-server-module", "test-server-module\test-server-module.csproj", "{A583C3B2-3D47-47D4-AD32-D91658CC0017}"
EndProject
Global
	GlobalSection(SolutionConfigurationPlatforms) = preSolution
		Debug|Any CPU = Debug|Any CPU
		Release|Any CPU = Release|Any CPU
	EndGlobalSection
	GlobalSection(ProjectConfigurationPlatforms) = postSolution
		{A583C3B2-3D47-47D4-AD32-D91658CC0017}.Debug|Any CPU.ActiveCfg = Debug|Any CPU
		{A583C3B2-3D47-47D4-AD32-D91658CC0017}.Debug|Any CPU.Build.0 = Debug|Any CPU
		{A583C3B2-3D47-47D4-AD32-D91658CC0017}.Release|Any CPU.ActiveCfg = Release|Any CPU
		{A583C3B2-3D47-47D4-AD32-D91658CC0017}.Release|Any CPU.Build.0 = Release|Any CPU
	EndGlobalSection
EndGlobal
